
Microsoft Visual Studio Solution File, Format Version 12.00
# Visual Studio Version 17
VisualStudioVersion = 17.11.35222.181
MinimumVisualStudioVersion = 10.0.40219.1
Project("{9A19103F-16F7-4668-BE54-9A1E7A4F7556}") = "NotificationPatternSample", "NotificationPatternSample\NotificationPatternSample.csproj", "{E29BA45A-BBC1-4D17-9072-6B28D995E181}"
EndProject
Project("{9A19103F-16F7-4668-BE54-9A1E7A4F7556}") = "NotificationPatternSample.Tests", "NotificationPatternSample.Tests\NotificationPatternSample.Tests.csproj", "{C36FC107-5C3F-4875-BF91-782A41C5376A}"
EndProject
Project("{2150E333-8FDC-42A3-9474-1A3956D46DE8}") = "Solution Items", "Solution Items", "{C93EFEDA-C679-465B-9F0C-BA841F86EB7D}"
	ProjectSection(SolutionItems) = preProject
		README.md = README.md
	EndProjectSection
EndProject
Global
	GlobalSection(SolutionConfigurationPlatforms) = preSolution
		Debug|Any CPU = Debug|Any CPU
		Release|Any CPU = Release|Any CPU
	EndGlobalSection
	GlobalSection(ProjectConfigurationPlatforms) = postSolution
		{E29BA45A-BBC1-4D17-9072-6B28D995E181}.Debug|Any CPU.ActiveCfg = Debug|Any CPU
		{E29BA45A-BBC1-4D17-9072-6B28D995E181}.Debug|Any CPU.Build.0 = Debug|Any CPU
		{E29BA45A-BBC1-4D17-9072-6B28D995E181}.Release|Any CPU.ActiveCfg = Release|Any CPU
		{E29BA45A-BBC1-4D17-9072-6B28D995E181}.Release|Any CPU.Build.0 = Release|Any CPU
		{C36FC107-5C3F-4875-BF91-782A41C5376A}.Debug|Any CPU.ActiveCfg = Debug|Any CPU
		{C36FC107-5C3F-4875-BF91-782A41C5376A}.Debug|Any CPU.Build.0 = Debug|Any CPU
		{C36FC107-5C3F-4875-BF91-782A41C5376A}.Release|Any CPU.ActiveCfg = Release|Any CPU
		{C36FC107-5C3F-4875-BF91-782A41C5376A}.Release|Any CPU.Build.0 = Release|Any CPU
	EndGlobalSection
	GlobalSection(SolutionProperties) = preSolution
		HideSolutionNode = FALSE
	EndGlobalSection
	GlobalSection(ExtensibilityGlobals) = postSolution
		SolutionGuid = {9E54ADC8-2E6E-496F-9E0A-411CD4EAD5A1}
	EndGlobalSection
EndGlobal
